
Microsoft Visual Studio Solution File, Format Version 12.00
# Visual Studio Version 17
VisualStudioVersion = 17.14.36301.6 d17.14
MinimumVisualStudioVersion = 10.0.40219.1
Project("{FAE04EC0-301F-11D3-BF4B-00C04F79EFBC}") = "LibraryManagementSystem.UI", "LibraryManagementSystem\LibraryManagementSystem.UI.csproj", "{9A222B75-9813-43AD-86EA-11E45014BF90}"
EndProject
Project("{FAE04EC0-301F-11D3-BF4B-00C04F79EFBC}") = "LibraryManagementSystem.Service", "LibraryManagementSystem.Service\LibraryManagementSystem.Service.csproj", "{B2E53E32-1774-4CDC-85B4-3C657BA7B82D}"
EndProject
Project("{FAE04EC0-301F-11D3-BF4B-00C04F79EFBC}") = "LibraryManagementSystem.Common", "LibraryManagementSystem.Interfaces\LibraryManagementSystem.Common.csproj", "{70194395-6460-4CE7-8C58-D7AC69810ED1}"
EndProject
Project("{FAE04EC0-301F-11D3-BF4B-00C04F79EFBC}") = "LibraryManagementSystem.Infrastructure.DAL", "LibraryManagementSystem.Infrastructure.DAL\LibraryManagementSystem.Infrastructure.DAL.csproj", "{C47FEF5F-ADAF-4AE8-8847-C7128A4F9177}"
EndProject
Project("{FAE04EC0-301F-11D3-BF4B-00C04F79EFBC}") = "LibraryManagementSystem.Tests", "LibraryManagementSystem.Tests\LibraryManagementSystem.Tests.csproj", "{A6C1D034-0595-D635-9CED-3441A0FA3F90}"
EndProject
Global
	GlobalSection(SolutionConfigurationPlatforms) = preSolution
		Debug|Any CPU = Debug|Any CPU
		Release|Any CPU = Release|Any CPU
	EndGlobalSection
	GlobalSection(ProjectConfigurationPlatforms) = postSolution
		{9A222B75-9813-43AD-86EA-11E45014BF90}.Debug|Any CPU.ActiveCfg = Debug|Any CPU
		{9A222B75-9813-43AD-86EA-11E45014BF90}.Debug|Any CPU.Build.0 = Debug|Any CPU
		{9A222B75-9813-43AD-86EA-11E45014BF90}.Release|Any CPU.ActiveCfg = Release|Any CPU
		{9A222B75-9813-43AD-86EA-11E45014BF90}.Release|Any CPU.Build.0 = Release|Any CPU
		{B2E53E32-1774-4CDC-85B4-3C657BA7B82D}.Debug|Any CPU.ActiveCfg = Debug|Any CPU
		{B2E53E32-1774-4CDC-85B4-3C657BA7B82D}.Debug|Any CPU.Build.0 = Debug|Any CPU
		{B2E53E32-1774-4CDC-85B4-3C657BA7B82D}.Release|Any CPU.ActiveCfg = Release|Any CPU
		{B2E53E32-1774-4CDC-85B4-3C657BA7B82D}.Release|Any CPU.Build.0 = Release|Any CPU
		{70194395-6460-4CE7-8C58-D7AC69810ED1}.Debug|Any CPU.ActiveCfg = Debug|Any CPU
		{70194395-6460-4CE7-8C58-D7AC69810ED1}.Debug|Any CPU.Build.0 = Debug|Any CPU
		{70194395-6460-4CE7-8C58-D7AC69810ED1}.Release|Any CPU.ActiveCfg = Release|Any CPU
		{70194395-6460-4CE7-8C58-D7AC69810ED1}.Release|Any CPU.Build.0 = Release|Any CPU
		{C47FEF5F-ADAF-4AE8-8847-C7128A4F9177}.Debug|Any CPU.ActiveCfg = Debug|Any CPU
		{C47FEF5F-ADAF-4AE8-8847-C7128A4F9177}.Debug|Any CPU.Build.0 = Debug|Any CPU
		{C47FEF5F-ADAF-4AE8-8847-C7128A4F9177}.Release|Any CPU.ActiveCfg = Release|Any CPU
		{C47FEF5F-ADAF-4AE8-8847-C7128A4F9177}.Release|Any CPU.Build.0 = Release|Any CPU
		{A6C1D034-0595-D635-9CED-3441A0FA3F90}.Debug|Any CPU.ActiveCfg = Debug|Any CPU
		{A6C1D034-0595-D635-9CED-3441A0FA3F90}.Debug|Any CPU.Build.0 = Debug|Any CPU
		{A6C1D034-0595-D635-9CED-3441A0FA3F90}.Release|Any CPU.ActiveCfg = Release|Any CPU
		{A6C1D034-0595-D635-9CED-3441A0FA3F90}.Release|Any CPU.Build.0 = Release|Any CPU
	EndGlobalSection
	GlobalSection(SolutionProperties) = preSolution
		HideSolutionNode = FALSE
	EndGlobalSection
	GlobalSection(ExtensibilityGlobals) = postSolution
		SolutionGuid = {F3F4DA52-F351-4028-B3DF-F9BCE2020C12}
	EndGlobalSection
EndGlobal
